
Microsoft Visual Studio Solution File, Format Version 12.00
# Visual Studio Version 16
VisualStudioVersion = 16.0.30523.141
MinimumVisualStudioVersion = 10.0.40219.1
Project("{FAE04EC0-301F-11D3-BF4B-00C04F79EFBC}") = "Box", "Box\Box.csproj", "{266BB864-8451-4824-90D6-342DE4A47F7E}"
EndProject
Global
	GlobalSection(SolutionConfigurationPlatforms) = preSolution
		Debug|Any CPU = Debug|Any CPU
		Release|Any CPU = Release|Any CPU
	EndGlobalSection
	GlobalSection(ProjectConfigurationPlatforms) = postSolution
		{266BB864-8451-4824-90D6-342DE4A47F7E}.Debug|Any CPU.ActiveCfg = Debug|Any CPU
		{266BB864-8451-4824-90D6-342DE4A47F7E}.Debug|Any CPU.Build.0 = Debug|Any CPU
		{266BB864-8451-4824-90D6-342DE4A47F7E}.Release|Any CPU.ActiveCfg = Release|Any CPU
		{266BB864-8451-4824-90D6-342DE4A47F7E}.Release|Any CPU.Build.0 = Release|Any CPU
	EndGlobalSection
	GlobalSection(SolutionProperties) = preSolution
		HideSolutionNode = FALSE
	EndGlobalSection
	GlobalSection(ExtensibilityGlobals) = postSolution
		SolutionGuid = {256ABD40-BEAF-4913-8B1C-0ED0CD0AE798}
	EndGlobalSection
EndGlobal
